// !$*UTF8*$!
{
	archiveVersion = 1;
	classes = {
	};
	objectVersion = 77;
	objects = {

/* Begin PBXContainerItemProxy section */
		C285A8922EF874E50054D49F /* PBXContainerItemProxy */ = {
			isa = PBXContainerItemProxy;
			containerPortal = C285A8782EF874E40054D49F /* Project object */;
			proxyType = 1;
			remoteGlobalIDString = C285A87F2EF874E40054D49F;
			remoteInfo = snapfix;
		};
		C285A89C2EF874E50054D49F /* PBXContainerItemProxy */ = {
			isa = PBXContainerItemProxy;
			containerPortal = C285A8782EF874E40054D49F /* Project object */;
			proxyType = 1;
			remoteGlobalIDString = C285A87F2EF874E40054D49F;
			remoteInfo = snapfix;
		};
/* End PBXContainerItemProxy section */

/* Begin PBXFileReference section */
		C285A8802EF874E40054D49F /* snapfix.app */ = {isa = PBXFileReference; explicitFileType = wrapper.application; includeInIndex = 0; path = snapfix.app; sourceTree = BUILT_PRODUCTS_DIR; };
		C285A8912EF874E50054D49F /* snapfixTests.xctest */ = {isa = PBXFileReference; explicitFileType = wrapper.cfbundle; includeInIndex = 0; path = snapfixTests.xctest; sourceTree = BUILT_PRODUCTS_DIR; };
		C285A89B2EF874E50054D49F /* snapfixUITests.xctest */ = {isa = PBXFileReference; explicitFileType = wrapper.cfbundle; includeInIndex = 0; path = snapfixUITests.xctest; sourceTree = BUILT_PRODUCTS_DIR; };
/* End PBXFileReference section */

/* Begin PBXFileSystemSynchronizedRootGroup section */
		C285A8822EF874E40054D49F /* snapfix */ = {
			isa = PBXFileSystemSynchronizedRootGroup;
			path = snapfix;
			sourceTree = "<group>";
		};
		C285A8942EF874E50054D49F /* snapfixTests */ = {
			isa = PBXFileSystemSynchronizedRootGroup;
			path = snapfixTests;
			sourceTree = "<group>";
		};
		C285A89E2EF874E50054D49F /* snapfixUITests */ = {
			isa = PBXFileSystemSynchronizedRootGroup;
			path = snapfixUITests;
			sourceTree = "<group>";
		};
/* End PBXFileSystemSynchronizedRootGroup section */

/* Begin PBXFrameworksBuildPhase section */
		C285A87D2EF874E40054D49F /* Frameworks */ = {
			isa = PBXFrameworksBuildPhase;
			buildActionMask = 2147483647;
			files = (
			);
			runOnlyForDeploymentPostprocessing = 0;
		};
		C285A88E2EF874E50054D49F /* Frameworks */ = {
			isa = PBXFrameworksBuildPhase;
			buildActionMask = 2147483647;
			files = (
			);
			runOnlyForDeploymentPostprocessing = 0;
		};
		C285A8982EF874E50054D49F /* Frameworks */ = {
			isa = PBXFrameworksBuildPhase;
			buildActionMask = 2147483647;
			files = (
			);
			runOnlyForDeploymentPostprocessing = 0;
		};
/* End PBXFrameworksBuildPhase section */

/* Begin PBXGroup section */
		C285A8772EF874E40054D49F = {
			isa = PBXGroup;
			children = (
				C285A8822EF874E40054D49F /* snapfix */,
				C285A8942EF874E50054D49F /* snapfixTests */,
				C285A89E2EF874E50054D49F /* snapfixUITests */,
				C285A8812EF874E40054D49F /* Products */,
			);
			sourceTree = "<group>";
		};
		C285A8812EF874E40054D49F /* Products */ = {
			isa = PBXGroup;
			children = (
				C285A8802EF874E40054D49F /* snapfix.app */,
				C285A8912EF874E50054D49F /* snapfixTests.xctest */,
				C285A89B2EF874E50054D49F /* snapfixUITests.xctest */,
			);
			name = Products;
			sourceTree = "<group>";
		};
/* End PBXGroup section */

/* Begin PBXNativeTarget section */
		C285A87F2EF874E40054D49F /* snapfix */ = {
			isa = PBXNativeTarget;
			buildConfigurationList = C285A8A52EF874E50054D49F /* Build configuration list for PBXNativeTarget "snapfix" */;
			buildPhases = (
				C285A87C2EF874E40054D49F /* Sources */,
				C285A87D2EF874E40054D49F /* Frameworks */,
				C285A87E2EF874E40054D49F /* Resources */,
			);
			buildRules = (
			);
			dependencies = (
			);
			fileSystemSynchronizedGroups = (
				C285A8822EF874E40054D49F /* snapfix */,
			);
			name = snapfix;
			packageProductDependencies = (
			);
			productName = snapfix;
			productReference = C285A8802EF874E40054D49F /* snapfix.app */;
			productType = "com.apple.product-type.application";
		};
		C285A8902EF874E50054D49F /* snapfixTests */ = {
			isa = PBXNativeTarget;
			buildConfigurationList = C285A8A82EF874E50054D49F /* Build configuration list for PBXNativeTarget "snapfixTests" */;
			buildPhases = (
				C285A88D2EF874E50054D49F /* Sources */,
				C285A88E2EF874E50054D49F /* Frameworks */,
				C285A88F2EF874E50054D49F /* Resources */,
			);
			buildRules = (
			);
			dependencies = (
				C285A8932EF874E50054D49F /* PBXTargetDependency */,
			);
			fileSystemSynchronizedGroups = (
				C285A8942EF874E50054D49F /* snapfixTests */,
			);
			name = snapfixTests;
			packageProductDependencies = (
			);
			productName = snapfixTests;
			productReference = C285A8912EF874E50054D49F /* snapfixTests.xctest */;
			productType = "com.apple.product-type.bundle.unit-test";
		};
		C285A89A2EF874E50054D49F /* snapfixUITests */ = {
			isa = PBXNativeTarget;
			buildConfigurationList = C285A8AB2EF874E50054D49F /* Build configuration list for PBXNativeTarget "snapfixUITests" */;
			buildPhases = (
				C285A8972EF874E50054D49F /* Sources */,
				C285A8982EF874E50054D49F /* Frameworks */,
				C285A8992EF874E50054D49F /* Resources */,
			);
			buildRules = (
			);
			dependencies = (
				C285A89D2EF874E50054D49F /* PBXTargetDependency */,
			);
			fileSystemSynchronizedGroups = (
				C285A89E2EF874E50054D49F /* snapfixUITests */,
			);
			name = snapfixUITests;
			packageProductDependencies = (
			);
			productName = snapfixUITests;
			productReference = C285A89B2EF874E50054D49F /* snapfixUITests.xctest */;
			productType = "com.apple.product-type.bundle.ui-testing";
		};
/* End PBXNativeTarget section */

/* Begin PBXProject section */
		C285A8782EF874E40054D49F /* Project object */ = {
			isa = PBXProject;
			attributes = {
				BuildIndependentTargetsInParallel = 1;
				LastSwiftUpdateCheck = 1620;
				LastUpgradeCheck = 1620;
				TargetAttributes = {
					C285A87F2EF874E40054D49F = {
						CreatedOnToolsVersion = 16.2;
					};
					C285A8902EF874E50054D49F = {
						CreatedOnToolsVersion = 16.2;
						TestTargetID = C285A87F2EF874E40054D49F;
					};
					C285A89A2EF874E50054D49F = {
						CreatedOnToolsVersion = 16.2;
						TestTargetID = C285A87F2EF874E40054D49F;
					};
				};
			};
			buildConfigurationList = C285A87B2EF874E40054D49F /* Build configuration list for PBXProject "snapfix" */;
			developmentRegion = en;
			hasScannedForEncodings = 0;
			knownRegions = (
				en,
				Base,
			);
			mainGroup = C285A8772EF874E40054D49F;
			minimizedProjectReferenceProxies = 1;
			preferredProjectObjectVersion = 77;
			productRefGroup = C285A8812EF874E40054D49F /* Products */;
			projectDirPath = "";
			projectRoot = "";
			targets = (
				C285A87F2EF874E40054D49F /* snapfix */,
				C285A8902EF874E50054D49F /* snapfixTests */,
				C285A89A2EF874E50054D49F /* snapfixUITests */,
			);
		};
/* End PBXProject section */

/* Begin PBXResourcesBuildPhase section */
		C285A87E2EF874E40054D49F /* Resources */ = {
			isa = PBXResourcesBuildPhase;
			buildActionMask = 2147483647;
			files = (
			);
			runOnlyForDeploymentPostprocessing = 0;
		};
		C285A88F2EF874E50054D49F /* Resources */ = {
			isa = PBXResourcesBuildPhase;
			buildActionMask = 2147483647;
			files = (
			);
			runOnlyForDeploymentPostprocessing = 0;
		};
		C285A8992EF874E50054D49F /* Resources */ = {
			isa = PBXResourcesBuildPhase;
			buildActionMask = 2147483647;
			files = (
			);
			runOnlyForDeploymentPostprocessing = 0;
		};
/* End PBXResourcesBuildPhase section */

/* Begin PBXSourcesBuildPhase section */
		C285A87C2EF874E40054D49F /* Sources */ = {
			isa = PBXSourcesBuildPhase;
			buildActionMask = 2147483647;
			files = (
			);
			runOnlyForDeploymentPostprocessing = 0;
		};
		C285A88D2EF874E50054D49F /* Sources */ = {
			isa = PBXSourcesBuildPhase;
			buildActionMask = 2147483647;
			files = (
			);
			runOnlyForDeploymentPostprocessing = 0;
		};
		C285A8972EF874E50054D49F /* Sources */ = {
			isa = PBXSourcesBuildPhase;
			buildActionMask = 2147483647;
			files = (
			);
			runOnlyForDeploymentPostprocessing = 0;
		};
/* End PBXSourcesBuildPhase section */

/* Begin PBXTargetDependency section */
		C285A8932EF874E50054D49F /* PBXTargetDependency */ = {
			isa = PBXTargetDependency;
			target = C285A87F2EF874E40054D49F /* snapfix */;
			targetProxy = C285A8922EF874E50054D49F /* PBXContainerItemProxy */;
		};
		C285A89D2EF874E50054D49F /* PBXTargetDependency */ = {
			isa = PBXTargetDependency;
			target = C285A87F2EF874E40054D49F /* snapfix */;
			targetProxy = C285A89C2EF874E50054D49F /* PBXContainerItemProxy */;
		};
/* End PBXTargetDependency section */

/* Begin XCBuildConfiguration section */
		C285A8A32EF874E50054D49F /* Debug */ = {
			isa = XCBuildConfiguration;
			buildSettings = {
				ALWAYS_SEARCH_USER_PATHS = NO;
				ASSETCATALOG_COMPILER_GENERATE_SWIFT_ASSET_SYMBOL_EXTENSIONS = YES;
				CLANG_ANALYZER_NONNULL = YES;
				CLANG_ANALYZER_NUMBER_OBJECT_CONVERSION = YES_AGGRESSIVE;
				CLANG_CXX_LANGUAGE_STANDARD = "gnu++20";
				CLANG_ENABLE_MODULES = YES;
				CLANG_ENABLE_OBJC_ARC = YES;
				CLANG_ENABLE_OBJC_WEAK = YES;
				CLANG_WARN_BLOCK_CAPTURE_AUTORELEASING = YES;
				CLANG_WARN_BOOL_CONVERSION = YES;
				CLANG_WARN_COMMA = YES;
				CLANG_WARN_CONSTANT_CONVERSION = YES;
				CLANG_WARN_DEPRECATED_OBJC_IMPLEMENTATIONS = YES;
				CLANG_WARN_DIRECT_OBJC_ISA_USAGE = YES_ERROR;
				CLANG_WARN_DOCUMENTATION_COMMENTS = YES;
				CLANG_WARN_EMPTY_BODY = YES;
				CLANG_WARN_ENUM_CONVERSION = YES;
				CLANG_WARN_INFINITE_RECURSION = YES;
				CLANG_WARN_INT_CONVERSION = YES;
				CLANG_WARN_NON_LITERAL_NULL_CONVERSION = YES;
				CLANG_WARN_OBJC_IMPLICIT_RETAIN_SELF = YES;
				CLANG_WARN_OBJC_LITERAL_CONVERSION = YES;
				CLANG_WARN_OBJC_ROOT_CLASS = YES_ERROR;
				CLANG_WARN_QUOTED_INCLUDE_IN_FRAMEWORK_HEADER = YES;
				CLANG_WARN_RANGE_LOOP_ANALYSIS = YES;
				CLANG_WARN_STRICT_PROTOTYPES = YES;
				CLANG_WARN_SUSPICIOUS_MOVE = YES;
				CLANG_WARN_UNGUARDED_AVAILABILITY = YES_AGGRESSIVE;
				CLANG_WARN_UNREACHABLE_CODE = YES;
				CLANG_WARN__DUPLICATE_METHOD_MATCH = YES;
				COPY_PHASE_STRIP = NO;
				DEBUG_INFORMATION_FORMAT = dwarf;
				ENABLE_STRICT_OBJC_MSGSEND = YES;
				ENABLE_TESTABILITY = YES;
				ENABLE_USER_SCRIPT_SANDBOXING = YES;
				GCC_C_LANGUAGE_STANDARD = gnu17;
				GCC_DYNAMIC_NO_PIC = NO;
				GCC_NO_COMMON_BLOCKS = YES;
				GCC_OPTIMIZATION_LEVEL = 0;
				GCC_PREPROCESSOR_DEFINITIONS = (
					"DEBUG=1",
					"$(inherited)",
				);
				GCC_WARN_64_TO_32_BIT_CONVERSION = YES;
				GCC_WARN_ABOUT_RETURN_TYPE = YES_ERROR;
				GCC_WARN_UNDECLARED_SELECTOR = YES;
				GCC_WARN_UNINITIALIZED_AUTOS = YES_AGGRESSIVE;
				GCC_WARN_UNUSED_FUNCTION = YES;
				GCC_WARN_UNUSED_VARIABLE = YES;
				LOCALIZATION_PREFERS_STRING_CATALOGS = YES;
				MACOSX_DEPLOYMENT_TARGET = 14.5;
				MTL_ENABLE_DEBUG_INFO = INCLUDE_SOURCE;
				MTL_FAST_MATH = YES;
				ONLY_ACTIVE_ARCH = YES;
				SDKROOT = macosx;
				SWIFT_ACTIVE_COMPILATION_CONDITIONS = "DEBUG $(inherited)";
				SWIFT_OPTIMIZATION_LEVEL = "-Onone";
			};
			name = Debug;
		};
		C285A8A42EF874E50054D49F /* Release */ = {
			isa = XCBuildConfiguration;
			buildSettings = {
				ALWAYS_SEARCH_USER_PATHS = NO;
				ASSETCATALOG_COMPILER_GENERATE_SWIFT_ASSET_SYMBOL_EXTENSIONS = YES;
				CLANG_ANALYZER_NONNULL = YES;
				CLANG_ANALYZER_NUMBER_OBJECT_CONVERSION = YES_AGGRESSIVE;
				CLANG_CXX_LANGUAGE_STANDARD = "gnu++20";
				CLANG_ENABLE_MODULES = YES;
				CLANG_ENABLE_OBJC_ARC = YES;
				CLANG_ENABLE_OBJC_WEAK = YES;
				CLANG_WARN_BLOCK_CAPTURE_AUTORELEASING = YES;
				CLANG_WARN_BOOL_CONVERSION = YES;
				CLANG_WARN_COMMA = YES;
				CLANG_WARN_CONSTANT_CONVERSION = YES;
				CLANG_WARN_DEPRECATED_OBJC_IMPLEMENTATIONS = YES;
				CLANG_WARN_DIRECT_OBJC_ISA_USAGE = YES_ERROR;
				CLANG_WARN_DOCUMENTATION_COMMENTS = YES;
				CLANG_WARN_EMPTY_BODY = YES;
				CLANG_WARN_ENUM_CONVERSION = YES;
				CLANG_WARN_INFINITE_RECURSION = YES;
				CLANG_WARN_INT_CONVERSION = YES;
				CLANG_WARN_NON_LITERAL_NULL_CONVERSION = YES;
				CLANG_WARN_OBJC_IMPLICIT_RETAIN_SELF = YES;
				CLANG_WARN_OBJC_LITERAL_CONVERSION = YES;
				CLANG_WARN_OBJC_ROOT_CLASS = YES_ERROR;
				CLANG_WARN_QUOTED_INCLUDE_IN_FRAMEWORK_HEADER = YES;
				CLANG_WARN_RANGE_LOOP_ANALYSIS = YES;
				CLANG_WARN_STRICT_PROTOTYPES = YES;
				CLANG_WARN_SUSPICIOUS_MOVE = YES;
				CLANG_WARN_UNGUARDED_AVAILABILITY = YES_AGGRESSIVE;
				CLANG_WARN_UNREACHABLE_CODE = YES;
				CLANG_WARN__DUPLICATE_METHOD_MATCH = YES;
				COPY_PHASE_STRIP = NO;
				DEBUG_INFORMATION_FORMAT = "dwarf-with-dsym";
				ENABLE_NS_ASSERTIONS = NO;
				ENABLE_STRICT_OBJC_MSGSEND = YES;
				ENABLE_USER_SCRIPT_SANDBOXING = YES;
				GCC_C_LANGUAGE_STANDARD = gnu17;
				GCC_NO_COMMON_BLOCKS = YES;
				GCC_WARN_64_TO_32_BIT_CONVERSION = YES;
				GCC_WARN_ABOUT_RETURN_TYPE = YES_ERROR;
				GCC_WARN_UNDECLARED_SELECTOR = YES;
				GCC_WARN_UNINITIALIZED_AUTOS = YES_AGGRESSIVE;
				GCC_WARN_UNUSED_FUNCTION = YES;
				GCC_WARN_UNUSED_VARIABLE = YES;
				LOCALIZATION_PREFERS_STRING_CATALOGS = YES;
				MACOSX_DEPLOYMENT_TARGET = 14.5;
				MTL_ENABLE_DEBUG_INFO = NO;
				MTL_FAST_MATH = YES;
				SDKROOT = macosx;
				SWIFT_COMPILATION_MODE = wholemodule;
			};
			name = Release;
		};
		C285A8A62EF874E50054D49F /* Debug */ = {
			isa = XCBuildConfiguration;
			buildSettings = {
				ASSETCATALOG_COMPILER_APPICON_NAME = AppIcon;
				ASSETCATALOG_COMPILER_GLOBAL_ACCENT_COLOR_NAME = AccentColor;
				CODE_SIGN_ENTITLEMENTS = snapfix/snapfix.entitlements;
				CODE_SIGN_STYLE = Automatic;
				COMBINE_HIDPI_IMAGES = YES;
				CURRENT_PROJECT_VERSION = 1;
				DEVELOPMENT_ASSET_PATHS = "\"snapfix/Preview Content\"";
				DEVELOPMENT_TEAM = 68G57WN635;
				ENABLE_HARDENED_RUNTIME = YES;
				ENABLE_PREVIEWS = YES;
				GENERATE_INFOPLIST_FILE = YES;
				INFOPLIST_KEY_NSHumanReadableCopyright = "";
				LD_RUNPATH_SEARCH_PATHS = (
					"$(inherited)",
					"@executable_path/../Frameworks",
				);
				MARKETING_VERSION = 1.0;
				PRODUCT_BUNDLE_IDENTIFIER = "com.parallax-tech.snapfix";
				PRODUCT_NAME = "$(TARGET_NAME)";
				SWIFT_EMIT_LOC_STRINGS = YES;
				SWIFT_VERSION = 5.0;
			};
			name = Debug;
		};
		C285A8A72EF874E50054D49F /* Release */ = {
			isa = XCBuildConfiguration;
			buildSettings = {
				ASSETCATALOG_COMPILER_APPICON_NAME = AppIcon;
				ASSETCATALOG_COMPILER_GLOBAL_ACCENT_COLOR_NAME = AccentColor;
				CODE_SIGN_ENTITLEMENTS = snapfix/snapfix.entitlements;
				CODE_SIGN_STYLE = Automatic;
				COMBINE_HIDPI_IMAGES = YES;
				CURRENT_PROJECT_VERSION = 1;
				DEVELOPMENT_ASSET_PATHS = "\"snapfix/Preview Content\"";
				DEVELOPMENT_TEAM = 68G57WN635;
				ENABLE_HARDENED_RUNTIME = YES;
				ENABLE_PREVIEWS = YES;
				GENERATE_INFOPLIST_FILE = YES;
				INFOPLIST_KEY_NSHumanReadableCopyright = "";
				LD_RUNPATH_SEARCH_PATHS = (
					"$(inherited)",
					"@executable_path/../Frameworks",
				);
				MARKETING_VERSION = 1.0;
				PRODUCT_BUNDLE_IDENTIFIER = "com.parallax-tech.snapfix";
				PRODUCT_NAME = "$(TARGET_NAME)";
				SWIFT_EMIT_LOC_STRINGS = YES;
				SWIFT_VERSION = 5.0;
			};
			name = Release;
		};
		C285A8A92EF874E50054D49F /* Debug */ = {
			isa = XCBuildConfiguration;
			buildSettings = {
				BUNDLE_LOADER = "$(TEST_HOST)";
				CODE_SIGN_STYLE = Automatic;
				CURRENT_PROJECT_VERSION = 1;
				DEVELOPMENT_TEAM = 68G57WN635;
				GENERATE_INFOPLIST_FILE = YES;
				MACOSX_DEPLOYMENT_TARGET = 14.5;
				MARKETING_VERSION = 1.0;
				PRODUCT_BUNDLE_IDENTIFIER = "com.parallax-tech.snapfixTests";
				PRODUCT_NAME = "$(TARGET_NAME)";
				SWIFT_EMIT_LOC_STRINGS = NO;
				SWIFT_VERSION = 5.0;
				TEST_HOST = "$(BUILT_PRODUCTS_DIR)/snapfix.app/$(BUNDLE_EXECUTABLE_FOLDER_PATH)/snapfix";
			};
			name = Debug;
		};
		C285A8AA2EF874E50054D49F /* Release */ = {
			isa = XCBuildConfiguration;
			buildSettings = {
				BUNDLE_LOADER = "$(TEST_HOST)";
				CODE_SIGN_STYLE = Automatic;
				CURRENT_PROJECT_VERSION = 1;
				DEVELOPMENT_TEAM = 68G57WN635;
				GENERATE_INFOPLIST_FILE = YES;
				MACOSX_DEPLOYMENT_TARGET = 14.5;
				MARKETING_VERSION = 1.0;
				PRODUCT_BUNDLE_IDENTIFIER = "com.parallax-tech.snapfixTests";
				PRODUCT_NAME = "$(TARGET_NAME)";
				SWIFT_EMIT_LOC_STRINGS = NO;
				SWIFT_VERSION = 5.0;
				TEST_HOST = "$(BUILT_PRODUCTS_DIR)/snapfix.app/$(BUNDLE_EXECUTABLE_FOLDER_PATH)/snapfix";
			};
			name = Release;
		};
		C285A8AC2EF874E50054D49F /* Debug */ = {
			isa = XCBuildConfiguration;
			buildSettings = {
				CODE_SIGN_STYLE = Automatic;
				CURRENT_PROJECT_VERSION = 1;
				DEVELOPMENT_TEAM = 68G57WN635;
				GENERATE_INFOPLIST_FILE = YES;
				MARKETING_VERSION = 1.0;
				PRODUCT_BUNDLE_IDENTIFIER = "com.parallax-tech.snapfixUITests";
				PRODUCT_NAME = "$(TARGET_NAME)";
				SWIFT_EMIT_LOC_STRINGS = NO;
				SWIFT_VERSION = 5.0;
				TEST_TARGET_NAME = snapfix;
			};
			name = Debug;
		};
		C285A8AD2EF874E50054D49F /* Release */ = {
			isa = XCBuildConfiguration;
			buildSettings = {
				CODE_SIGN_STYLE = Automatic;
				CURRENT_PROJECT_VERSION = 1;
				DEVELOPMENT_TEAM = 68G57WN635;
				GENERATE_INFOPLIST_FILE = YES;
				MARKETING_VERSION = 1.0;
				PRODUCT_BUNDLE_IDENTIFIER = "com.parallax-tech.snapfixUITests";
				PRODUCT_NAME = "$(TARGET_NAME)";
				SWIFT_EMIT_LOC_STRINGS = NO;
				SWIFT_VERSION = 5.0;
				TEST_TARGET_NAME = snapfix;
			};
			name = Release;
		};
/* End XCBuildConfiguration section */

/* Begin XCConfigurationList section */
		C285A87B2EF874E40054D49F /* Build configuration list for PBXProject "snapfix" */ = {
			isa = XCConfigurationList;
			buildConfigurations = (
				C285A8A32EF874E50054D49F /* Debug */,
				C285A8A42EF874E50054D49F /* Release */,
			);
			defaultConfigurationIsVisible = 0;
			defaultConfigurationName = Release;
		};
		C285A8A52EF874E50054D49F /* Build configuration list for PBXNativeTarget "snapfix" */ = {
			isa = XCConfigurationList;
			buildConfigurations = (
				C285A8A62EF874E50054D49F /* Debug */,
				C285A8A72EF874E50054D49F /* Release */,
			);
			defaultConfigurationIsVisible = 0;
			defaultConfigurationName = Release;
		};
		C285A8A82EF874E50054D49F /* Build configuration list for PBXNativeTarget "snapfixTests" */ = {
			isa = XCConfigurationList;
			buildConfigurations = (
				C285A8A92EF874E50054D49F /* Debug */,
				C285A8AA2EF874E50054D49F /* Release */,
			);
			defaultConfigurationIsVisible = 0;
			defaultConfigurationName = Release;
		};
		C285A8AB2EF874E50054D49F /* Build configuration list for PBXNativeTarget "snapfixUITests" */ = {
			isa = XCConfigurationList;
			buildConfigurations = (
				C285A8AC2EF874E50054D49F /* Debug */,
				C285A8AD2EF874E50054D49F /* Release */,
			);
			defaultConfigurationIsVisible = 0;
			defaultConfigurationName = Release;
		};
/* End XCConfigurationList section */
	};
	rootObject = C285A8782EF874E40054D49F /* Project object */;
}
